#MicroXplorer Configuration settings - do not modify
ADC.Channel-0\#ChannelRegularConversion=ADC_CHANNEL_2
ADC.Channel-1\#ChannelRegularConversion=ADC_CHANNEL_3
ADC.Channel-2\#ChannelRegularConversion=ADC_CHANNEL_4
ADC.Channel-3\#ChannelRegularConversion=ADC_CHANNEL_TEMPSENSOR
ADC.ContinuousConvMode=DISABLE
ADC.DMAContinuousRequests=ENABLE
ADC.DiscontinuousConvMode=DISABLE
ADC.EOCSelection=ADC_EOC_SEQ_CONV
ADC.EnableRegularConversion=ENABLE
ADC.ExternalTrigConv=ADC_EXTERNALTRIG_T2_TRGO
ADC.IPParameters=NbrOfConversion,OversamplingMode,SamplingTimeCommon1,ExternalTrigConv,DiscontinuousConvMode,EOCSelection,SamplingTimeCommon2,ContinuousConvMode,EnableRegularConversion,Rank-0\#ChannelRegularConversion,Channel-0\#ChannelRegularConversion,SamplingTime-0\#ChannelRegularConversion,NbrOfConversionFlag,Rank-1\#ChannelRegularConversion,Channel-1\#ChannelRegularConversion,SamplingTime-1\#ChannelRegularConversion,Rank-2\#ChannelRegularConversion,Channel-2\#ChannelRegularConversion,SamplingTime-2\#ChannelRegularConversion,Rank-3\#ChannelRegularConversion,Channel-3\#ChannelRegularConversion,SamplingTime-3\#ChannelRegularConversion,DMAContinuousRequests,SelectedChannel
ADC.NbrOfConversion=4
ADC.NbrOfConversionFlag=1
ADC.OversamplingMode=DISABLE
ADC.Rank-0\#ChannelRegularConversion=1
ADC.Rank-1\#ChannelRegularConversion=2
ADC.Rank-2\#ChannelRegularConversion=3
ADC.Rank-3\#ChannelRegularConversion=4
ADC.SamplingTime-0\#ChannelRegularConversion=ADC_SAMPLINGTIME_COMMON_1
ADC.SamplingTime-1\#ChannelRegularConversion=ADC_SAMPLINGTIME_COMMON_1
ADC.SamplingTime-2\#ChannelRegularConversion=ADC_SAMPLINGTIME_COMMON_1
ADC.SamplingTime-3\#ChannelRegularConversion=ADC_SAMPLINGTIME_COMMON_2
ADC.SamplingTimeCommon1=ADC_SAMPLETIME_39CYCLES_5
ADC.SamplingTimeCommon2=ADC_SAMPLETIME_160CYCLES_5
ADC.SelectedChannel=ADC_CHANNEL_2|ADC_CHANNEL_3|ADC_CHANNEL_4|ADC_CHANNEL_TEMPSENSOR|ADC_CHANNEL_VREFINT
CAD.formats=
CAD.pinconfig=
CAD.provider=
Dma.ADC.0.Channel_PRIV_NPRIV=DMA_CHANNEL_NPRIV_DISABLE
Dma.ADC.0.Direction=DMA_PERIPH_TO_MEMORY
Dma.ADC.0.EventEnable=ENABLE
Dma.ADC.0.Instance=DMA1_Channel1
Dma.ADC.0.MemDataAlignment=DMA_MDATAALIGN_HALFWORD
Dma.ADC.0.MemInc=DMA_MINC_ENABLE
Dma.ADC.0.Mode=DMA_CIRCULAR
Dma.ADC.0.PeriphDataAlignment=DMA_PDATAALIGN_HALFWORD
Dma.ADC.0.PeriphInc=DMA_PINC_DISABLE
Dma.ADC.0.Polarity=HAL_DMAMUX_REQ_GEN_RISING
Dma.ADC.0.Priority=DMA_PRIORITY_LOW
Dma.ADC.0.RequestNumber=1
Dma.ADC.0.RequestParameters=Instance,Direction,PeriphInc,MemInc,PeriphDataAlignment,MemDataAlignment,Mode,Priority,SignalID,Polarity,RequestNumber,SyncSignalID,SyncPolarity,SyncEnable,EventEnable,SyncRequestNumber,Channel_PRIV_NPRIV
Dma.ADC.0.SignalID=NONE
Dma.ADC.0.SyncEnable=DISABLE
Dma.ADC.0.SyncPolarity=HAL_DMAMUX_SYNC_NO_EVENT
Dma.ADC.0.SyncRequestNumber=1
Dma.ADC.0.SyncSignalID=NONE
Dma.Request0=ADC
Dma.Request1=USART1_RX
Dma.Request2=USART1_TX
Dma.RequestsNb=3
Dma.USART1_RX.1.Channel_PRIV_NPRIV=DMA_CHANNEL_NPRIV_DISABLE
Dma.USART1_RX.1.Direction=DMA_PERIPH_TO_MEMORY
Dma.USART1_RX.1.EventEnable=ENABLE
Dma.USART1_RX.1.Instance=DMA1_Channel2
Dma.USART1_RX.1.MemDataAlignment=DMA_MDATAALIGN_BYTE
Dma.USART1_RX.1.MemInc=DMA_MINC_ENABLE
Dma.USART1_RX.1.Mode=DMA_NORMAL
Dma.USART1_RX.1.PeriphDataAlignment=DMA_PDATAALIGN_BYTE
Dma.USART1_RX.1.PeriphInc=DMA_PINC_DISABLE
Dma.USART1_RX.1.Polarity=HAL_DMAMUX_REQ_GEN_RISING
Dma.USART1_RX.1.Priority=DMA_PRIORITY_LOW
Dma.USART1_RX.1.RequestNumber=1
Dma.USART1_RX.1.RequestParameters=Instance,Direction,PeriphInc,MemInc,PeriphDataAlignment,MemDataAlignment,Mode,Priority,SignalID,Polarity,RequestNumber,SyncSignalID,SyncPolarity,SyncEnable,EventEnable,SyncRequestNumber,Channel_PRIV_NPRIV
Dma.USART1_RX.1.SignalID=NONE
Dma.USART1_RX.1.SyncEnable=DISABLE
Dma.USART1_RX.1.SyncPolarity=HAL_DMAMUX_SYNC_NO_EVENT
Dma.USART1_RX.1.SyncRequestNumber=1
Dma.USART1_RX.1.SyncSignalID=NONE
Dma.USART1_TX.2.Channel_PRIV_NPRIV=DMA_CHANNEL_NPRIV_DISABLE
Dma.USART1_TX.2.Direction=DMA_MEMORY_TO_PERIPH
Dma.USART1_TX.2.EventEnable=DISABLE
Dma.USART1_TX.2.Instance=DMA1_Channel3
Dma.USART1_TX.2.MemDataAlignment=DMA_MDATAALIGN_BYTE
Dma.USART1_TX.2.MemInc=DMA_MINC_ENABLE
Dma.USART1_TX.2.Mode=DMA_NORMAL
Dma.USART1_TX.2.PeriphDataAlignment=DMA_PDATAALIGN_BYTE
Dma.USART1_TX.2.PeriphInc=DMA_PINC_DISABLE
Dma.USART1_TX.2.Polarity=HAL_DMAMUX_REQ_GEN_RISING
Dma.USART1_TX.2.Priority=DMA_PRIORITY_LOW
Dma.USART1_TX.2.RequestNumber=1
Dma.USART1_TX.2.RequestParameters=Instance,Direction,PeriphInc,MemInc,PeriphDataAlignment,MemDataAlignment,Mode,Priority,SignalID,Polarity,RequestNumber,SyncSignalID,SyncPolarity,SyncEnable,EventEnable,SyncRequestNumber,Channel_PRIV_NPRIV
Dma.USART1_TX.2.SignalID=NONE
Dma.USART1_TX.2.SyncEnable=DISABLE
Dma.USART1_TX.2.SyncPolarity=HAL_DMAMUX_SYNC_NO_EVENT
Dma.USART1_TX.2.SyncRequestNumber=1
Dma.USART1_TX.2.SyncSignalID=NONE
File.Version=6
GPIO.groupedBy=Group By Peripherals
KeepUserPlacement=false
LORAWAN.APP_LOG_ENABLED=true
LORAWAN.Activate_DEBUG_LINE=false
LORAWAN.IPParameters=MW_LOG_ENABLED,APP_LOG_ENABLED,Activate_DEBUG_LINE,REGION_AS923,REGION_US915,VERBOSE_LEVEL,LORAWAN_DATA_DISTRIB_MGT,SUBGHZ_APPLICATION,TX_RFO_CONFIG
LORAWAN.LORAWAN_DATA_DISTRIB_MGT=true
LORAWAN.MW_LOG_ENABLED=true
LORAWAN.REGION_AS923=false
LORAWAN.REGION_US915=false
LORAWAN.SUBGHZ_APPLICATION=End_Node_LBM_skeleton
LORAWAN.TX_RFO_CONFIG=RBI_CONF_RFO_HP
LORAWAN.VERBOSE_LEVEL=VLEVEL_M
LPUART1.BaudRate=115200
LPUART1.IPParameters=BaudRate,WordLength
LPUART1.WordLength=UART_WORDLENGTH_8B
LoRaWAN.BSP.number=3
LoRaWAN0.BSP.STBoard=false
LoRaWAN0.BSP.api=Unknown
LoRaWAN0.BSP.component=
LoRaWAN0.BSP.condition=
LoRaWAN0.BSP.instance=ADC
LoRaWAN0.BSP.ip=ADC
LoRaWAN0.BSP.mode=Vrefint Channel
LoRaWAN0.BSP.name=ADC
LoRaWAN0.BSP.semaphore=
LoRaWAN0.BSP.solution=ADC
LoRaWAN1.BSP.STBoard=false
LoRaWAN1.BSP.api=Unknown
LoRaWAN1.BSP.component=
LoRaWAN1.BSP.condition=
LoRaWAN1.BSP.instance=RTC
LoRaWAN1.BSP.ip=RTC
LoRaWAN1.BSP.mode=RTC Enabled
LoRaWAN1.BSP.name=RTC
LoRaWAN1.BSP.semaphore=
LoRaWAN1.BSP.solution=RTC
LoRaWAN2.BSP.STBoard=false
LoRaWAN2.BSP.api=Unknown
LoRaWAN2.BSP.component=
LoRaWAN2.BSP.condition=
LoRaWAN2.BSP.instance=LPUART1
LoRaWAN2.BSP.ip=(LPU|US)ART
LoRaWAN2.BSP.mode=Asynchronous
LoRaWAN2.BSP.name=USART
LoRaWAN2.BSP.semaphore=
LoRaWAN2.BSP.solution=LPUART1
Mcu.CPN=STM32WL55CCU6
Mcu.ContextProject=MonoOnDualCore
Mcu.Family=STM32WL
Mcu.IP0=ADC
Mcu.IP1=ADV_TRACE
Mcu.IP10=RTC
Mcu.IP11=SEQUENCER_M4
Mcu.IP12=SUBGHZ
Mcu.IP13=SYS
Mcu.IP14=TIM2
Mcu.IP15=TIMER
Mcu.IP16=TINY_LPM
Mcu.IP17=USART1
Mcu.IP2=DEBUG
Mcu.IP3=DMA
Mcu.IP4=LORAWAN
Mcu.IP5=LPUART1
Mcu.IP6=MISC
Mcu.IP7=NVIC
Mcu.IP8=RCC
Mcu.IP9=RNG
Mcu.IPNb=18
Mcu.Name=STM32WL55CCUx
Mcu.Package=UFQFPN48
Mcu.Pin0=PB3
Mcu.Pin1=PB4
Mcu.Pin10=PA14
Mcu.Pin11=VP_ADC_TempSens_Input
Mcu.Pin12=VP_ADC_Vref_Input
Mcu.Pin13=VP_ADV_TRACE_VS_ADV_TRACE
Mcu.Pin14=VP_LORAWAN_VS_LoRaWAN
Mcu.Pin15=VP_MISC_VS_MISC
Mcu.Pin16=VP_RNG_VS_RNG
Mcu.Pin17=VP_RTC_VS_RTC_Activate
Mcu.Pin18=VP_RTC_VS_RTC_Calendar
Mcu.Pin19=VP_RTC_VS_RTC_WakeUp_intern
Mcu.Pin2=PB6
Mcu.Pin20=VP_SEQUENCER_M4_VS_SEQUENCER
Mcu.Pin21=VP_SUBGHZ_VS_SUBGHZ
Mcu.Pin22=VP_SYS_VS_Systick
Mcu.Pin23=VP_TIM2_VS_ClockSourceINT
Mcu.Pin24=VP_TIMER_VS_TIMER
Mcu.Pin25=VP_TINY_LPM_VS_TINY_LPM
Mcu.Pin3=PB7
Mcu.Pin4=PA2
Mcu.Pin5=PA3
Mcu.Pin6=OSC_IN
Mcu.Pin7=OSC_OUT
Mcu.Pin8=PB2
Mcu.Pin9=PA13
Mcu.PinsNb=26
Mcu.ThirdPartyNb=0
Mcu.UserConstants=
Mcu.UserName=STM32WL55CCUx
MxCube.Version=6.18.1
MxDb.Version=DB.6.0.181
NVIC.ADC_IRQn=true\:0\:0\:false\:false\:true\:true\:true\:true
NVIC.BusFault_IRQn=true\:0\:0\:false\:false\:true\:false\:false\:false
NVIC.DMA1_Channel1_IRQn=true\:0\:0\:false\:false\:true\:false\:true\:true
NVIC.DMA1_Channel2_IRQn=true\:0\:0\:false\:false\:true\:false\:true\:true
NVIC.DMA1_Channel3_IRQn=true\:0\:0\:false\:false\:true\:false\:true\:true
NVIC.DMAMUX1_OVR_IRQn=true\:0\:0\:false\:false\:true\:false\:true\:true
NVIC.DebugMonitor_IRQn=true\:0\:0\:false\:false\:true\:false\:false\:false
NVIC.ForceEnableDMAVector=true
NVIC.HardFault_IRQn=true\:0\:0\:false\:false\:true\:false\:false\:false
NVIC.LPUART1_IRQn=true\:0\:0\:false\:false\:true\:true\:true\:true
NVIC.MemoryManagement_IRQn=true\:0\:0\:false\:false\:true\:false\:false\:false
NVIC.NonMaskableInt_IRQn=true\:0\:0\:false\:false\:true\:false\:false\:false
NVIC.PendSV_IRQn=true\:0\:0\:false\:false\:true\:false\:false\:false
NVIC.PriorityGroup=NVIC_PRIORITYGROUP_4
NVIC.SVCall_IRQn=true\:0\:0\:false\:false\:true\:false\:false\:false
NVIC.SysTick_IRQn=true\:15\:0\:false\:false\:true\:false\:true\:false
NVIC.USART1_IRQn=true\:0\:0\:false\:false\:true\:false\:true\:true
NVIC.UsageFault_IRQn=true\:0\:0\:false\:false\:true\:false\:false\:false
OSC_IN.Mode=HSE-External-Oscillator
OSC_IN.Signal=RCC_OSC_IN
OSC_OUT.Mode=HSE-External-Oscillator
OSC_OUT.Signal=RCC_OSC_OUT
PA13.Mode=Serial_Wire
PA13.Signal=DEBUG_JTMS-SWDIO
PA14.Mode=Serial_Wire
PA14.Signal=DEBUG_JTCK-SWCLK
PA2.Mode=Asynchronous
PA2.Signal=LPUART1_TX
PA3.Mode=Asynchronous
PA3.Signal=LPUART1_RX
PB2.Mode=IN4
PB2.Signal=ADC_IN4
PB3.Mode=IN2
PB3.Signal=ADC_IN2
PB4.Mode=IN3
PB4.Signal=ADC_IN3
PB6.Mode=Asynchronous
PB6.Signal=USART1_TX
PB7.Mode=Asynchronous
PB7.Signal=USART1_RX
PCC.SUBGHZ.FrequencyBand=High
PCC.SUBGHZ.Modulation=FSK
PCC.SUBGHZ.OptionalSettings=false
PCC.SUBGHZ.Output.Power=14
PCC.SUBGHZ.PowerAmplifier=Low Power
PCC.SUBGHZ.RxBoosted=false
PCC.SUBGHZ.SMPS=Off
PinOutPanel.RotationAngle=0
ProjectManager.AskForMigrate=true
ProjectManager.BackupPrevious=false
ProjectManager.CompilerLinker=GCC
ProjectManager.CompilerOptimize=6
ProjectManager.ComputerToolchain=false
ProjectManager.CoupleFile=false
ProjectManager.CustomerFirmwarePackage=
ProjectManager.DefaultFWLocation=true
ProjectManager.DeletePrevious=true
ProjectManager.DeviceId=STM32WL55CCUx
ProjectManager.FirmwarePackage=STM32Cube FW_WL V1.6.0
ProjectManager.FreePins=false
ProjectManager.FreePinsContext=
ProjectManager.HalAssertFull=false
ProjectManager.HeapSize=0x200
ProjectManager.KeepUserCode=true
ProjectManager.LastFirmware=true
ProjectManager.LibraryCopy=0
ProjectManager.MainLocation=Core/Src
ProjectManager.NoMain=false
ProjectManager.PreviousToolchain=
ProjectManager.ProjectBuild=false
ProjectManager.ProjectFileName=Firmware.ioc
ProjectManager.ProjectName=Firmware
ProjectManager.ProjectStructure=
ProjectManager.RegisterCallBack=
ProjectManager.StackSize=0x400
ProjectManager.TargetToolchain=Makefile
ProjectManager.ToolChainLocation=
ProjectManager.UAScriptAfterPath=
ProjectManager.UAScriptBeforePath=
ProjectManager.UnderRoot=false
ProjectManager.functionlistsort=1-SystemClock_Config-RCC-false-HAL-false,2-MX_GPIO_Init-GPIO-false-HAL-true,3-MX_DMA_Init-DMA-false-HAL-true,4-MX_ADC_Init-ADC-true-HAL-false,5-MX_LPUART1_UART_Init-LPUART1-false-HAL-true,6-MX_USART1_UART_Init-USART1-false-HAL-true,7-MX_RNG_Init-RNG-false-HAL-true,8-MX_RTC_Init-RTC-false-HAL-false,9-MX_SUBGHZ_Init-SUBGHZ-true-HAL-false,10-MX_LoRaWAN_Init-LORAWAN-false-HAL-false,11-MX_TIM2_Init-TIM2-false-HAL-true
RCC.AHBFreq_Value=32000000
RCC.APB1Freq_Value=32000000
RCC.APB1TimFreq_Value=32000000
RCC.APB2Freq_Value=32000000
RCC.APB2TimFreq_Value=32000000
RCC.APB3Freq_Value=32000000
RCC.CortexFreq_Value=32000000
RCC.FCLKCortexFreq_Value=32000000
RCC.FamilyName=M
RCC.HCLK3Freq_Value=32000000
RCC.HCLKFreq_Value=32000000
RCC.HSE_VALUE=32000000
RCC.HSI_VALUE=16000000
RCC.I2C1Freq_Value=32000000
RCC.I2C2Freq_Value=32000000
RCC.I2C3Freq_Value=32000000
RCC.I2S2Freq_Value=16000000
RCC.IPParameters=AHBFreq_Value,APB1Freq_Value,APB1TimFreq_Value,APB2Freq_Value,APB2TimFreq_Value,APB3Freq_Value,CortexFreq_Value,FCLKCortexFreq_Value,FamilyName,HCLK3Freq_Value,HCLKFreq_Value,HSE_VALUE,HSI_VALUE,I2C1Freq_Value,I2C2Freq_Value,I2C3Freq_Value,I2S2Freq_Value,LPTIM1Freq_Value,LPTIM2Freq_Value,LPTIM3Freq_Value,LPUART1Freq_Value,LSCOPinFreq_Value,LSE_VALUE,MCO1PinFreq_Value,PLLM,PLLN,PLLPoutputFreq_Value,PLLQ,PLLQoutputFreq_Value,PLLRCLKFreq_Value,PLLSourceVirtual,PWRFreq_Value,RNGCLockSelection,RNGFreq_Value,RTCClockSelection,RTCFreq_Value,SYSCLKFreq_VALUE,SYSCLKSource,USART1Freq_Value,USART2Freq_Value,VCOInputFreq_Value,VCOOutputFreq_Value
RCC.LPTIM1Freq_Value=32000000
RCC.LPTIM2Freq_Value=32000000
RCC.LPTIM3Freq_Value=32000000
RCC.LPUART1Freq_Value=32000000
RCC.LSCOPinFreq_Value=32000
RCC.LSE_VALUE=32768
RCC.MCO1PinFreq_Value=32000000
RCC.PLLM=RCC_PLLM_DIV4
RCC.PLLN=15
RCC.PLLPoutputFreq_Value=60000000
RCC.PLLQ=RCC_PLLQ_DIV8
RCC.PLLQoutputFreq_Value=15000000
RCC.PLLRCLKFreq_Value=60000000
RCC.PLLSourceVirtual=RCC_PLLSOURCE_HSE
RCC.PWRFreq_Value=32000000
RCC.RNGCLockSelection=RCC_RNGCLKSOURCE_PLL
RCC.RNGFreq_Value=15000000
RCC.RTCClockSelection=RCC_RTCCLKSOURCE_HSE_DIV32
RCC.RTCFreq_Value=1000000
RCC.SYSCLKFreq_VALUE=32000000
RCC.SYSCLKSource=RCC_SYSCLKSOURCE_HSE
RCC.USART1Freq_Value=32000000
RCC.USART2Freq_Value=32000000
RCC.VCOInputFreq_Value=8000000
RCC.VCOOutputFreq_Value=120000000
TIM2.IPParameters=TIM_MasterOutputTrigger,Period
TIM2.Period=1599
TIM2.TIM_MasterOutputTrigger=TIM_TRGO_UPDATE
USART1.IPParameters=VirtualMode-Asynchronous
USART1.VirtualMode-Asynchronous=VM_ASYNC
VP_ADC_TempSens_Input.Mode=IN-TempSens
VP_ADC_TempSens_Input.Signal=ADC_TempSens_Input
VP_ADC_Vref_Input.Mode=IN-Vrefint
VP_ADC_Vref_Input.Signal=ADC_Vref_Input
VP_ADV_TRACE_VS_ADV_TRACE.Mode=ADV_TRACE_Enabled
VP_ADV_TRACE_VS_ADV_TRACE.Signal=ADV_TRACE_VS_ADV_TRACE
VP_LORAWAN_VS_LoRaWAN.Mode=LoRaWAN_Enabled
VP_LORAWAN_VS_LoRaWAN.Signal=LORAWAN_VS_LoRaWAN
VP_MISC_VS_MISC.Mode=MISC_Enabled
VP_MISC_VS_MISC.Signal=MISC_VS_MISC
VP_RNG_VS_RNG.Mode=RNG_Activate
VP_RNG_VS_RNG.Signal=RNG_VS_RNG
VP_RTC_VS_RTC_Activate.Mode=RTC_Enabled
VP_RTC_VS_RTC_Activate.Signal=RTC_VS_RTC_Activate
VP_RTC_VS_RTC_Calendar.Mode=RTC_Calendar
VP_RTC_VS_RTC_Calendar.Signal=RTC_VS_RTC_Calendar
VP_RTC_VS_RTC_WakeUp_intern.Mode=WakeUp
VP_RTC_VS_RTC_WakeUp_intern.Signal=RTC_VS_RTC_WakeUp_intern
VP_SEQUENCER_M4_VS_SEQUENCER.Mode=SEQUENCER_Enabled
VP_SEQUENCER_M4_VS_SEQUENCER.Signal=SEQUENCER_M4_VS_SEQUENCER
VP_SUBGHZ_VS_SUBGHZ.Mode=SUBGHZ_Activate
VP_SUBGHZ_VS_SUBGHZ.Signal=SUBGHZ_VS_SUBGHZ
VP_SYS_VS_Systick.Mode=SysTick
VP_SYS_VS_Systick.Signal=SYS_VS_Systick
VP_TIM2_VS_ClockSourceINT.Mode=Internal
VP_TIM2_VS_ClockSourceINT.Signal=TIM2_VS_ClockSourceINT
VP_TIMER_VS_TIMER.Mode=TIMER_Enabled
VP_TIMER_VS_TIMER.Signal=TIMER_VS_TIMER
VP_TINY_LPM_VS_TINY_LPM.Mode=TINY_LPM_Enabled
VP_TINY_LPM_VS_TINY_LPM.Signal=TINY_LPM_VS_TINY_LPM
board=custom
