#MicroXplorer Configuration settings - do not modify
ADC.Channel-0\#ChannelRegularConversion=ADC_CHANNEL_0
ADC.Channel-1\#ChannelRegularConversion=ADC_CHANNEL_1
ADC.Channel-2\#ChannelRegularConversion=ADC_CHANNEL_2
ADC.Channel-3\#ChannelRegularConversion=ADC_CHANNEL_VREFINT
ADC.DMAContinuousRequests=ENABLE
ADC.EOCSelection=ADC_EOC_SEQ_CONV
ADC.EnableRegularConversion=ENABLE
ADC.ExternalTrigConv=ADC_EXTERNALTRIG_T2_TRGO
ADC.IPParameters=NbrOfConversion,EOCSelection,ExternalTrigConv,DMAContinuousRequests,SamplingTimeCommon1,SamplingTimeCommon2,EnableRegularConversion,Rank-0\#ChannelRegularConversion,Channel-0\#ChannelRegularConversion,SamplingTime-0\#ChannelRegularConversion,NbrOfConversionFlag,Rank-1\#ChannelRegularConversion,Channel-1\#ChannelRegularConversion,SamplingTime-1\#ChannelRegularConversion,Rank-2\#ChannelRegularConversion,Channel-2\#ChannelRegularConversion,SamplingTime-2\#ChannelRegularConversion,Rank-3\#ChannelRegularConversion,Channel-3\#ChannelRegularConversion,SamplingTime-3\#ChannelRegularConversion,SelectedChannel
ADC.NbrOfConversion=4
ADC.NbrOfConversionFlag=1
ADC.Rank-0\#ChannelRegularConversion=1
ADC.Rank-1\#ChannelRegularConversion=2
ADC.Rank-2\#ChannelRegularConversion=3
ADC.Rank-3\#ChannelRegularConversion=4
ADC.SamplingTime-0\#ChannelRegularConversion=ADC_SAMPLINGTIME_COMMON_1
ADC.SamplingTime-1\#ChannelRegularConversion=ADC_SAMPLINGTIME_COMMON_1
ADC.SamplingTime-2\#ChannelRegularConversion=ADC_SAMPLINGTIME_COMMON_1
ADC.SamplingTime-3\#ChannelRegularConversion=ADC_SAMPLINGTIME_COMMON_2
ADC.SamplingTimeCommon1=ADC_SAMPLETIME_19CYCLES_5
ADC.SamplingTimeCommon2=ADC_SAMPLETIME_160CYCLES_5
ADC.SelectedChannel=ADC_CHANNEL_0|ADC_CHANNEL_1|ADC_CHANNEL_2|ADC_CHANNEL_VREFINT
BSP_IP_NAME=NUCLEO-WL55JC1
CAD.formats=
CAD.pinconfig=
CAD.provider=
Dma.ADC.0.Channel_PRIV_NPRIV=DMA_CHANNEL_NPRIV_DISABLE
Dma.ADC.0.Direction=DMA_PERIPH_TO_MEMORY
Dma.ADC.0.EventEnable=ENABLE
Dma.ADC.0.Instance=DMA1_Channel1
Dma.ADC.0.MemDataAlignment=DMA_MDATAALIGN_HALFWORD
Dma.ADC.0.MemInc=DMA_MINC_ENABLE
Dma.ADC.0.Mode=DMA_CIRCULAR
Dma.ADC.0.PeriphDataAlignment=DMA_PDATAALIGN_HALFWORD
Dma.ADC.0.PeriphInc=DMA_PINC_DISABLE
Dma.ADC.0.Polarity=HAL_DMAMUX_REQ_GEN_RISING
Dma.ADC.0.Priority=DMA_PRIORITY_LOW
Dma.ADC.0.RequestNumber=1
Dma.ADC.0.RequestParameters=Instance,Direction,PeriphInc,MemInc,PeriphDataAlignment,MemDataAlignment,Mode,Priority,SignalID,Polarity,RequestNumber,SyncSignalID,SyncPolarity,SyncEnable,EventEnable,SyncRequestNumber,Channel_PRIV_NPRIV
Dma.ADC.0.SignalID=NONE
Dma.ADC.0.SyncEnable=DISABLE
Dma.ADC.0.SyncPolarity=HAL_DMAMUX_SYNC_NO_EVENT
Dma.ADC.0.SyncRequestNumber=1
Dma.ADC.0.SyncSignalID=NONE
Dma.Request0=ADC
Dma.Request1=USART2_TX
Dma.RequestsNb=2
Dma.USART2_TX.1.Channel_PRIV_NPRIV=DMA_CHANNEL_NPRIV_DISABLE
Dma.USART2_TX.1.Direction=DMA_MEMORY_TO_PERIPH
Dma.USART2_TX.1.EventEnable=DISABLE
Dma.USART2_TX.1.Instance=DMA1_Channel5
Dma.USART2_TX.1.MemDataAlignment=DMA_MDATAALIGN_BYTE
Dma.USART2_TX.1.MemInc=DMA_MINC_ENABLE
Dma.USART2_TX.1.Mode=DMA_NORMAL
Dma.USART2_TX.1.PeriphDataAlignment=DMA_PDATAALIGN_BYTE
Dma.USART2_TX.1.PeriphInc=DMA_PINC_DISABLE
Dma.USART2_TX.1.Polarity=HAL_DMAMUX_REQ_GEN_RISING
Dma.USART2_TX.1.Priority=DMA_PRIORITY_LOW
Dma.USART2_TX.1.RequestNumber=1
Dma.USART2_TX.1.RequestParameters=Instance,Direction,PeriphInc,MemInc,PeriphDataAlignment,MemDataAlignment,Mode,Priority,SignalID,Polarity,RequestNumber,SyncSignalID,SyncPolarity,SyncEnable,EventEnable,SyncRequestNumber,Channel_PRIV_NPRIV
Dma.USART2_TX.1.SignalID=NONE
Dma.USART2_TX.1.SyncEnable=DISABLE
Dma.USART2_TX.1.SyncPolarity=HAL_DMAMUX_SYNC_NO_EVENT
Dma.USART2_TX.1.SyncRequestNumber=1
Dma.USART2_TX.1.SyncSignalID=NONE
File.Version=6
GPIO.groupedBy=Group By Peripherals
KeepUserPlacement=false
LORAWAN.APP_LOG_ENABLED=true
LORAWAN.Activate_DEBUG_LINE=false
LORAWAN.IPParameters=USE_LPM,Activate_DEBUG_LINE,REGION_AS923,REGION_US915,APP_LOG_ENABLED,LOW_POWER_DISABLE
LORAWAN.LOW_POWER_DISABLE=false
LORAWAN.REGION_AS923=false
LORAWAN.REGION_US915=false
LORAWAN.USE_LPM=true
LoRaWAN.BSP.number=3
LoRaWAN0.BSP.STBoard=false
LoRaWAN0.BSP.api=Unknown
LoRaWAN0.BSP.component=
LoRaWAN0.BSP.condition=
LoRaWAN0.BSP.instance=ADC
LoRaWAN0.BSP.ip=ADC
LoRaWAN0.BSP.mode=Vrefint Channel
LoRaWAN0.BSP.name=ADC
LoRaWAN0.BSP.semaphore=
LoRaWAN0.BSP.solution=ADC
LoRaWAN1.BSP.STBoard=false
LoRaWAN1.BSP.api=Unknown
LoRaWAN1.BSP.component=
LoRaWAN1.BSP.condition=
LoRaWAN1.BSP.instance=RTC
LoRaWAN1.BSP.ip=RTC
LoRaWAN1.BSP.mode=RTC Enabled
LoRaWAN1.BSP.name=RTC
LoRaWAN1.BSP.semaphore=
LoRaWAN1.BSP.solution=RTC
LoRaWAN2.BSP.STBoard=false
LoRaWAN2.BSP.api=Unknown
LoRaWAN2.BSP.component=
LoRaWAN2.BSP.condition=
LoRaWAN2.BSP.instance=USART2
LoRaWAN2.BSP.ip=(LPU|US)ART
LoRaWAN2.BSP.mode=Asynchronous
LoRaWAN2.BSP.name=USART
LoRaWAN2.BSP.semaphore=
LoRaWAN2.BSP.solution=USART2
Mcu.CPN=STM32WL55JCI6
Mcu.ContextProject=MonoOnDualCore
Mcu.Family=STM32WL
Mcu.IP0=ADC
Mcu.IP1=ADV_TRACE
Mcu.IP10=SEQUENCER_M4
Mcu.IP11=SUBGHZ
Mcu.IP12=SYS
Mcu.IP13=TIM2
Mcu.IP14=TIMER
Mcu.IP15=TINY_LPM
Mcu.IP16=USART2
Mcu.IP2=DMA
Mcu.IP3=LORAWAN
Mcu.IP4=MISC
Mcu.IP5=NUCLEO-WL55JC1
Mcu.IP6=NVIC
Mcu.IP7=RCC
Mcu.IP8=RNG
Mcu.IP9=RTC
Mcu.IPNb=18
Mcu.Name=STM32WL55JCIx
Mcu.Package=UFBGA73
Mcu.Pin0=PB15
Mcu.Pin1=PC14-OSC32_IN
Mcu.Pin10=PC5
Mcu.Pin11=PC4
Mcu.Pin12=PB0-VDD_TCXO
Mcu.Pin13=PC6
Mcu.Pin14=PA1
Mcu.Pin15=PB11
Mcu.Pin16=OSC_IN
Mcu.Pin17=PA3
Mcu.Pin18=PA2
Mcu.Pin19=VP_ADC_Vref_Input
Mcu.Pin2=PB3
Mcu.Pin20=VP_ADV_TRACE_VS_ADV_TRACE
Mcu.Pin21=VP_LORAWAN_VS_LoRaWAN
Mcu.Pin22=VP_MISC_VS_MISC
Mcu.Pin23=VP_RNG_VS_RNG
Mcu.Pin24=VP_RTC_VS_RTC_Activate
Mcu.Pin25=VP_RTC_VS_RTC_Calendar
Mcu.Pin26=VP_RTC_VS_RTC_Alarm_A_Intern
Mcu.Pin27=VP_SEQUENCER_M4_VS_SEQUENCER
Mcu.Pin28=VP_SUBGHZ_VS_SUBGHZ
Mcu.Pin29=VP_SYS_VS_Systick
Mcu.Pin3=PB9
Mcu.Pin30=VP_TIM2_VS_ClockSourceINT
Mcu.Pin31=VP_TIMER_VS_TIMER
Mcu.Pin32=VP_TINY_LPM_VS_TINY_LPM
Mcu.Pin33=VP_NUCLEO-WL55JC1_VS_BSP_COMMON
Mcu.Pin4=PC15-OSC32_OUT
Mcu.Pin5=PB14
Mcu.Pin6=PC13
Mcu.Pin7=PC3
Mcu.Pin8=PA0
Mcu.Pin9=PB13
Mcu.PinsNb=34
Mcu.ThirdPartyNb=0
Mcu.UserConstants=RTC_N_PREDIV_S,10;RTC_PREDIV_S,((1 << RTC_N_PREDIV_S) - 1);RTC_PREDIV_A,((1 << (15 - RTC_N_PREDIV_S)) - 1)
Mcu.UserName=STM32WL55JCIx
MxCube.Version=6.18.1
MxDb.Version=DB.6.0.181
NUCLEO-WL55JC1.BUTTON=1
NUCLEO-WL55JC1.BUTTON2=1
NUCLEO-WL55JC1.BUTTON3=1
NUCLEO-WL55JC1.IPParameters=BUTTON2,BUTTON3,LD3,BUTTON,VCP,LD2,LD1
NUCLEO-WL55JC1.LD1=true
NUCLEO-WL55JC1.LD2=true
NUCLEO-WL55JC1.LD3=true
NUCLEO-WL55JC1.VCP=false
NVIC.ADC_IRQn=true\:0\:0\:false\:false\:true\:true\:true\:true
NVIC.BusFault_IRQn=true\:0\:0\:false\:false\:true\:false\:false\:false
NVIC.DMA1_Channel1_IRQn=true\:0\:0\:false\:false\:true\:false\:true\:true
NVIC.DMA1_Channel5_IRQn=true\:2\:0\:true\:false\:true\:false\:true\:true
NVIC.DMAMUX1_OVR_IRQn=true\:0\:0\:false\:false\:true\:false\:true\:true
NVIC.DebugMonitor_IRQn=true\:0\:0\:false\:false\:true\:false\:false\:false
NVIC.EXTI0_IRQn=true\:0\:0\:false\:false\:true\:false\:true\:true
NVIC.EXTI1_IRQn=true\:0\:0\:false\:false\:true\:false\:true\:true
NVIC.EXTI9_5_IRQn=true\:0\:0\:false\:false\:true\:false\:true\:true
NVIC.ForceEnableDMAVector=true
NVIC.HardFault_IRQn=true\:0\:0\:false\:false\:true\:false\:false\:false
NVIC.MemoryManagement_IRQn=true\:0\:0\:false\:false\:true\:false\:false\:false
NVIC.NonMaskableInt_IRQn=true\:0\:0\:false\:false\:true\:false\:false\:false
NVIC.PendSV_IRQn=true\:0\:0\:false\:false\:true\:false\:false\:false
NVIC.PriorityGroup=NVIC_PRIORITYGROUP_4
NVIC.RTC_Alarm_IRQn=true\:0\:0\:false\:false\:true\:true\:true\:true
NVIC.SVCall_IRQn=true\:0\:0\:false\:false\:true\:false\:false\:false
NVIC.SysTick_IRQn=true\:0\:0\:false\:false\:true\:false\:true\:false
NVIC.TAMP_STAMP_LSECSS_SSRU_IRQn=true\:0\:0\:false\:false\:true\:true\:true\:true
NVIC.TIM2_IRQn=true\:0\:0\:false\:false\:true\:true\:true\:true
NVIC.USART2_IRQn=true\:2\:0\:true\:false\:true\:true\:true\:true
NVIC.UsageFault_IRQn=true\:0\:0\:false\:false\:true\:false\:false\:false
OSC_IN.Mode=HSE-TCXO
OSC_IN.Signal=RCC_OSC_IN
PA0.Locked=true
PA1.Locked=true
PA2.Mode=Asynchronous
PA2.Signal=USART2_TX
PA3.Mode=Asynchronous
PA3.Signal=USART2_RX
PB0-VDD_TCXO.Mode=HSE-TCXO
PB0-VDD_TCXO.Signal=VDDTCXO
PB11.Locked=true
PB13.Mode=IN0
PB13.Signal=ADC_IN0
PB14.Mode=IN1
PB14.Signal=ADC_IN1
PB15.Locked=true
PB3.Mode=IN2
PB3.Signal=ADC_IN2
PB9.Locked=true
PC13.GPIOParameters=GPIO_Label
PC13.GPIO_Label=EN_12V_DCDC
PC13.Locked=true
PC13.Signal=GPIO_Output
PC14-OSC32_IN.GPIOParameters=GPIO_Label
PC14-OSC32_IN.GPIO_Label=RCC_OSC32_IN
PC14-OSC32_IN.Locked=true
PC14-OSC32_IN.Mode=LSE-External-Oscillator
PC14-OSC32_IN.Signal=RCC_OSC32_IN
PC15-OSC32_OUT.GPIOParameters=GPIO_Label
PC15-OSC32_OUT.GPIO_Label=RCC_OSC32_OUT
PC15-OSC32_OUT.Locked=true
PC15-OSC32_OUT.Mode=LSE-External-Oscillator
PC15-OSC32_OUT.Signal=RCC_OSC32_OUT
PC3.GPIOParameters=GPIO_Speed,GPIO_Label
PC3.GPIO_Label=FE_CTRL3
PC3.GPIO_Speed=GPIO_SPEED_FREQ_VERY_HIGH
PC3.Locked=true
PC3.Signal=GPIO_Output
PC4.GPIOParameters=GPIO_Speed,GPIO_Label
PC4.GPIO_Label=FE_CTRL1
PC4.GPIO_Speed=GPIO_SPEED_FREQ_VERY_HIGH
PC4.Locked=true
PC4.Signal=GPIO_Output
PC5.GPIOParameters=GPIO_Speed,GPIO_Label
PC5.GPIO_Label=FE_CTRL2
PC5.GPIO_Speed=GPIO_SPEED_FREQ_VERY_HIGH
PC5.Locked=true
PC5.Signal=GPIO_Output
PC6.Locked=true
PCC.SUBGHZ.FrequencyBand=High
PCC.SUBGHZ.Modulation=FSK
PCC.SUBGHZ.OptionalSettings=false
PCC.SUBGHZ.Output.Power=14
PCC.SUBGHZ.PowerAmplifier=Low Power
PCC.SUBGHZ.RxBoosted=false
PCC.SUBGHZ.SMPS=Off
PinOutPanel.CurrentBGAView=Top
PinOutPanel.RotationAngle=0
ProjectManager.AskForMigrate=true
ProjectManager.BackupPrevious=false
ProjectManager.CompilerLinker=GCC
ProjectManager.CompilerOptimize=6
ProjectManager.ComputerToolchain=false
ProjectManager.CoupleFile=false
ProjectManager.CustomerFirmwarePackage=
ProjectManager.DefaultFWLocation=true
ProjectManager.DeletePrevious=true
ProjectManager.DeviceId=STM32WL55JCIx
ProjectManager.FirmwarePackage=STM32Cube FW_WL V1.6.0
ProjectManager.FreePins=false
ProjectManager.FreePinsContext=
ProjectManager.HalAssertFull=false
ProjectManager.HeapSize=0x200
ProjectManager.KeepUserCode=true
ProjectManager.LastFirmware=true
ProjectManager.LibraryCopy=0
ProjectManager.MainLocation=Core/Src
ProjectManager.NoMain=false
ProjectManager.PreviousToolchain=
ProjectManager.ProjectBuild=false
ProjectManager.ProjectFileName=Firmware.ioc
ProjectManager.ProjectName=Firmware
ProjectManager.ProjectStructure=
ProjectManager.RegisterCallBack=
ProjectManager.StackSize=0x400
ProjectManager.TargetToolchain=Makefile
ProjectManager.ToolChainLocation=
ProjectManager.UAScriptAfterPath=
ProjectManager.UAScriptBeforePath=
ProjectManager.UnderRoot=false
ProjectManager.functionlistsort=1-SystemClock_Config-RCC-false-HAL-false,2-MX_GPIO_Init-GPIO-false-HAL-true,3-MX_DMA_Init-DMA-false-HAL-false,4-MX_ADC_Init-ADC-false-HAL-false,5-MX_RNG_Init-RNG-false-HAL-true,6-MX_RTC_Init-RTC-false-HAL-false,7-MX_SUBGHZ_Init-SUBGHZ-true-HAL-false,8-MX_TIM2_Init-TIM2-false-HAL-true,9-MX_USART2_UART_Init-USART2-true-HAL-false,10-MX_LoRaWAN_Init-LORAWAN-false-HAL-false,false-0--NUCLEO-WL55JC1-true-HAL-true
RCC.AHBFreq_Value=32000000
RCC.APB1Freq_Value=32000000
RCC.APB1TimFreq_Value=32000000
RCC.APB2Freq_Value=32000000
RCC.APB2TimFreq_Value=32000000
RCC.APB3Freq_Value=32000000
RCC.CortexFreq_Value=32000000
RCC.FCLKCortexFreq_Value=32000000
RCC.FLatency=FLASH_LATENCY_2
RCC.FamilyName=M
RCC.HCLK2Freq_Value=4000000
RCC.HCLK3Freq_Value=32000000
RCC.HCLKFreq_Value=32000000
RCC.HSE_VALUE=32000000
RCC.HSI_VALUE=16000000
RCC.I2C1Freq_Value=32000000
RCC.I2C2Freq_Value=32000000
RCC.I2C3Freq_Value=32000000
RCC.I2S2Freq_Value=16000000
RCC.IPParameters=AHBFreq_Value,APB1Freq_Value,APB1TimFreq_Value,APB2Freq_Value,APB2TimFreq_Value,APB3Freq_Value,CortexFreq_Value,FCLKCortexFreq_Value,FLatency,FamilyName,HCLK2Freq_Value,HCLK3Freq_Value,HCLKFreq_Value,HSE_VALUE,HSI_VALUE,I2C1Freq_Value,I2C2Freq_Value,I2C3Freq_Value,I2S2Freq_Value,LPTIM1Freq_Value,LPTIM2Freq_Value,LPTIM3Freq_Value,LPUART1Freq_Value,LSCOPinFreq_Value,LSE_VALUE,MCO1PinFreq_Value,PLLM,PLLN,PLLPoutputFreq_Value,PLLQ,PLLQoutputFreq_Value,PLLR,PLLRCLKFreq_Value,PLLSourceVirtual,PWRFreq_Value,PWR_Regulator_Voltage_Scale,RNGCLockSelection,RNGFreq_Value,RTCClockSelection,RTCFreq_Value,SYSCLKFreq_VALUE,SYSCLKSource,USART1Freq_Value,USART2Freq_Value,VCOInputFreq_Value,VCOOutputFreq_Value
RCC.LPTIM1Freq_Value=32000000
RCC.LPTIM2Freq_Value=32000000
RCC.LPTIM3Freq_Value=32000000
RCC.LPUART1Freq_Value=32000000
RCC.LSCOPinFreq_Value=32000
RCC.LSE_VALUE=32768
RCC.MCO1PinFreq_Value=32000000
RCC.PLLM=RCC_PLLM_DIV4
RCC.PLLN=12
RCC.PLLPoutputFreq_Value=48000000
RCC.PLLQ=RCC_PLLQ_DIV8
RCC.PLLQoutputFreq_Value=12000000
RCC.PLLR=RCC_PLLR_DIV3
RCC.PLLRCLKFreq_Value=32000000
RCC.PLLSourceVirtual=RCC_PLLSOURCE_HSE
RCC.PWRFreq_Value=32000000
RCC.PWR_Regulator_Voltage_Scale=PWR_REGULATOR_VOLTAGE_SCALE1
RCC.RNGCLockSelection=RCC_RNGCLKSOURCE_PLL
RCC.RNGFreq_Value=12000000
RCC.RTCClockSelection=RCC_RTCCLKSOURCE_LSE
RCC.RTCFreq_Value=32768
RCC.SYSCLKFreq_VALUE=32000000
RCC.SYSCLKSource=RCC_SYSCLKSOURCE_PLLCLK
RCC.USART1Freq_Value=32000000
RCC.USART2Freq_Value=32000000
RCC.VCOInputFreq_Value=8000000
RCC.VCOOutputFreq_Value=96000000
RTC.Alarm-Alarm\ A=RTC_ALARM_A
RTC.AsynchPrediv=RTC_PREDIV_A
RTC.BinMode=RTC_BINARY_ONLY
RTC.BinaryAutoClr_A-Alarm\ A=RTC_ALARMSUBSECONDBIN_AUTOCLR_NO
RTC.IPParameters=Alarm-Alarm A,AsynchPrediv,BinMode,BinaryAutoClr_A-Alarm A
TIM2.IPParameters=TIM_MasterOutputTrigger,Period
TIM2.Period=1599
TIM2.TIM_MasterOutputTrigger=TIM_TRGO_UPDATE
USART2.IPParameters=VirtualMode-Asynchronous
USART2.VirtualMode-Asynchronous=VM_ASYNC
VP_ADC_Vref_Input.Mode=IN-Vrefint
VP_ADC_Vref_Input.Signal=ADC_Vref_Input
VP_ADV_TRACE_VS_ADV_TRACE.Mode=ADV_TRACE_Enabled
VP_ADV_TRACE_VS_ADV_TRACE.Signal=ADV_TRACE_VS_ADV_TRACE
VP_LORAWAN_VS_LoRaWAN.Mode=LoRaWAN_Enabled
VP_LORAWAN_VS_LoRaWAN.Signal=LORAWAN_VS_LoRaWAN
VP_MISC_VS_MISC.Mode=MISC_Enabled
VP_MISC_VS_MISC.Signal=MISC_VS_MISC
VP_NUCLEO-WL55JC1_VS_BSP_COMMON.Mode=COMMON
VP_NUCLEO-WL55JC1_VS_BSP_COMMON.Signal=NUCLEO-WL55JC1_VS_BSP_COMMON
VP_RNG_VS_RNG.Mode=RNG_Activate
VP_RNG_VS_RNG.Signal=RNG_VS_RNG
VP_RTC_VS_RTC_Activate.Mode=RTC_Enabled
VP_RTC_VS_RTC_Activate.Signal=RTC_VS_RTC_Activate
VP_RTC_VS_RTC_Alarm_A_Intern.Mode=Alarm A
VP_RTC_VS_RTC_Alarm_A_Intern.Signal=RTC_VS_RTC_Alarm_A_Intern
VP_RTC_VS_RTC_Calendar.Mode=RTC_Calendar
VP_RTC_VS_RTC_Calendar.Signal=RTC_VS_RTC_Calendar
VP_SEQUENCER_M4_VS_SEQUENCER.Mode=SEQUENCER_Enabled
VP_SEQUENCER_M4_VS_SEQUENCER.Signal=SEQUENCER_M4_VS_SEQUENCER
VP_SUBGHZ_VS_SUBGHZ.Mode=SUBGHZ_Activate
VP_SUBGHZ_VS_SUBGHZ.Signal=SUBGHZ_VS_SUBGHZ
VP_SYS_VS_Systick.Mode=SysTick
VP_SYS_VS_Systick.Signal=SYS_VS_Systick
VP_TIM2_VS_ClockSourceINT.Mode=Internal
VP_TIM2_VS_ClockSourceINT.Signal=TIM2_VS_ClockSourceINT
VP_TIMER_VS_TIMER.Mode=TIMER_Enabled
VP_TIMER_VS_TIMER.Signal=TIMER_VS_TIMER
VP_TINY_LPM_VS_TINY_LPM.Mode=TINY_LPM_Enabled
VP_TINY_LPM_VS_TINY_LPM.Signal=TINY_LPM_VS_TINY_LPM
board=NUCLEO-WL55JC1
boardIOC=true
